// !$*UTF8*$!
{
	archiveVersion = 1;
	classes = {
	};
	objectVersion = 77;
	objects = {

/* Begin PBXBuildFile section */
		15FC397D1862D0C424B671AA /* SplashViewModel.swift in Sources */ = {isa = PBXBuildFile; fileRef = 8D55CBE695533189A80B9256 /* SplashViewModel.swift */; };
		1855A8AE8D565B818E2136BC /* cow_moo.caf in Resources */ = {isa = PBXBuildFile; fileRef = 314046E6E33DB47CD039CE26 /* cow_moo.caf */; };
		24A04DC9DD3E73446C8D79B3 /* HomeView.swift in Sources */ = {isa = PBXBuildFile; fileRef = 508FBC43B8DDEEAACD96A34B /* HomeView.swift */; };
		2EC4316D43D025650B6CDA6D /* ClapFinderKitAudio in Frameworks */ = {isa = PBXBuildFile; productRef = 29009E77D63B9F74DA59AF8E /* ClapFinderKitAudio */; };
		30849F4A4945475017DCD8EC /* AlarmOverlayView.swift in Sources */ = {isa = PBXBuildFile; fileRef = A60915F6645978F90BBC7A74 /* AlarmOverlayView.swift */; };
		34C59F813A02ECA904DACF70 /* sheep_baa.caf in Resources */ = {isa = PBXBuildFile; fileRef = F4E74937BF9BD5B1450F6FD5 /* sheep_baa.caf */; };
		37B90DCA5C66492C8E8BA7B5 /* air_horn.caf in Resources */ = {isa = PBXBuildFile; fileRef = 4641B24B3D6601188D02C221 /* air_horn.caf */; };
		39A26666D7FD1CF1736E0519 /* SplashView.swift in Sources */ = {isa = PBXBuildFile; fileRef = 1C28A92E42035AFE64CFBED6 /* SplashView.swift */; };
		46DE2E1650F309DB30C7C0D4 /* ClapFinderKitActivity in Frameworks */ = {isa = PBXBuildFile; productRef = A34C84EBDD96B375E75B5DC2 /* ClapFinderKitActivity */; };
		4E4C72C87EE09655C14C9BD4 /* beep.caf in Resources */ = {isa = PBXBuildFile; fileRef = 88EF60ED1B99B45FB9597062 /* beep.caf */; };
		4E607E825860DC2D744F0B9F /* rooster_crow.caf in Resources */ = {isa = PBXBuildFile; fileRef = C4FD638F38EA5721F09B12AA /* rooster_crow.caf */; };
		5190609869231098D142D8B7 /* ClapFinderKitData in Frameworks */ = {isa = PBXBuildFile; productRef = BDEA670469C2DA5619F97569 /* ClapFinderKitData */; };
		55B2FBFE23C2FFA31CD6E766 /* ModeSwitcherView.swift in Sources */ = {isa = PBXBuildFile; fileRef = E74184C03D15468A78881BFC /* ModeSwitcherView.swift */; };
		63464AEBC1F6E2715E0D3192 /* InterstitialController.swift in Sources */ = {isa = PBXBuildFile; fileRef = 5481D18B530933145E1D7F55 /* InterstitialController.swift */; };
		6C47271544A5AA86604CB9E3 /* ClapFinderKitLocalization in Frameworks */ = {isa = PBXBuildFile; productRef = DE25CE73229C5787BECC0459 /* ClapFinderKitLocalization */; };
		6F0E6917F566DFF47C9E4603 /* ClapFinderWidgetsBundle.swift in Sources */ = {isa = PBXBuildFile; fileRef = F86F503BAEA217D482BE9627 /* ClapFinderWidgetsBundle.swift */; };
		6F7A947C328DD7EF1029F8C9 /* pig_oink.caf in Resources */ = {isa = PBXBuildFile; fileRef = E0D88AE8FD753F2261A16E61 /* pig_oink.caf */; };
		71F1DF94678D20AEE4AEFDED /* ClapFinderKitDesign in Frameworks */ = {isa = PBXBuildFile; productRef = 5E9E3DE4EF5752F9AE65B6B8 /* ClapFinderKitDesign */; };
		77BC3A85754C89212FC5268E /* Localizable.strings in Resources */ = {isa = PBXBuildFile; fileRef = 0D1A24CAACB4FEEBDC1F2582 /* Localizable.strings */; };
		7E5E032275F595B3E2734707 /* ListeningToggleView.swift in Sources */ = {isa = PBXBuildFile; fileRef = A38E87AFC4E016356FE91103 /* ListeningToggleView.swift */; };
		7FE52FF73E2B71F85959495E /* TouchAlertLiveActivity.swift in Sources */ = {isa = PBXBuildFile; fileRef = 9E9911E009298BAA6F4004B6 /* TouchAlertLiveActivity.swift */; };
		80603027D4CF7CF5DDCE530F /* whistle.caf in Resources */ = {isa = PBXBuildFile; fileRef = 0B2C34E5A31DD26E6309CDA2 /* whistle.caf */; };
		807A89DBCD6FFF3720A41587 /* SensitivityControlView.swift in Sources */ = {isa = PBXBuildFile; fileRef = C70903BE6739F797EA4B3EC1 /* SensitivityControlView.swift */; };
		83F8A9420968E5D18142D8D0 /* ClapFinderWidgets.appex in Embed Foundation Extensions */ = {isa = PBXBuildFile; fileRef = 2146BA0C723D11A0EFFAB38D /* ClapFinderWidgets.appex */; settings = {ATTRIBUTES = (RemoveHeadersOnCopy, ); }; };
		882448679A5F04F22274DEA5 /* bell.caf in Resources */ = {isa = PBXBuildFile; fileRef = 2ACD4ACC57959E4B128A4721 /* bell.caf */; };
		89336F8D4DCEBC858335A1DC /* GoogleMobileAds in Frameworks */ = {isa = PBXBuildFile; productRef = F1849F5440D9BD66E9E8C135 /* GoogleMobileAds */; };
		8B35933FE55E81D92ADAC9A5 /* alarm_clock.caf in Resources */ = {isa = PBXBuildFile; fileRef = 6C711829C5CE93258C85D182 /* alarm_clock.caf */; };
		8CE113715A03CB9DDBF86F5D /* duck_quack.caf in Resources */ = {isa = PBXBuildFile; fileRef = C1762A4281DB585C456AAB3D /* duck_quack.caf */; };
		9465FE5CC21A0DDF1126B99A /* ClapFinderKitAds in Frameworks */ = {isa = PBXBuildFile; productRef = 42963434D09D67693B1489D3 /* ClapFinderKitAds */; };
		9AC8E3ED520ECE33BA68EF57 /* OnboardingView.swift in Sources */ = {isa = PBXBuildFile; fileRef = 710B7A576F28AD33F238327D /* OnboardingView.swift */; };
		9B99D815E84E6D6CB2F9D23C /* ClapFinderKitMotion in Frameworks */ = {isa = PBXBuildFile; productRef = B6031855CF37D69C82E54CB8 /* ClapFinderKitMotion */; };
		9C8FA463CD777411D1A687F5 /* foghorn.caf in Resources */ = {isa = PBXBuildFile; fileRef = 034457FB4DC6EBE426A37265 /* foghorn.caf */; };
		9FB102267116B977253F26BB /* dog_bark.caf in Resources */ = {isa = PBXBuildFile; fileRef = 982F94330D8C525A1BE035DD /* dog_bark.caf */; };
		A216DCCEB4C70BCB3B24541E /* BannerAdView.swift in Sources */ = {isa = PBXBuildFile; fileRef = A4223CAE7C416F483AF18D47 /* BannerAdView.swift */; };
		A9C8752C3A1A34B99EAE723C /* ClapFinderApp.swift in Sources */ = {isa = PBXBuildFile; fileRef = BB4FED72CFFF9C058EC12CE3 /* ClapFinderApp.swift */; };
		B223DCED093866E1FEEA19CE /* siren.caf in Resources */ = {isa = PBXBuildFile; fileRef = 6044AF28719447AAE601B0B9 /* siren.caf */; };
		B7C948051589923453D5F5C3 /* AnimalCardView.swift in Sources */ = {isa = PBXBuildFile; fileRef = F945CB9ECDE4D0BE89551B78 /* AnimalCardView.swift */; };
		B8861F9B38A57272A4C9D7E8 /* PulseRingsView.swift in Sources */ = {isa = PBXBuildFile; fileRef = 694EDEE0F8F56E436B87B595 /* PulseRingsView.swift */; };
		BB7B089073D09A4F8C81A381 /* doorbell.caf in Resources */ = {isa = PBXBuildFile; fileRef = 2F99ABA31E0D3D13A37458C4 /* doorbell.caf */; };
		C11B2EB3034F179F44136C21 /* Assets.xcassets in Resources */ = {isa = PBXBuildFile; fileRef = 8D28B7DB120999EAE3ABFF13 /* Assets.xcassets */; };
		C91C0BFE6B4E6B4B84259ADC /* ClapListeningLiveActivity.swift in Sources */ = {isa = PBXBuildFile; fileRef = EB3BE45C0E37148764DFEEF2 /* ClapListeningLiveActivity.swift */; };
		C9E8DF59BF10D74CA8304CB7 /* ClapFinderKitActivity in Frameworks */ = {isa = PBXBuildFile; productRef = E1674C54C715190CF85BF37C /* ClapFinderKitActivity */; };
		D0FA1D01D0673BC484C8C77F /* AppOpenAdLoader.swift in Sources */ = {isa = PBXBuildFile; fileRef = AAA233BA8A2AFDF484BA4533 /* AppOpenAdLoader.swift */; };
		D123C8874ED735250D6B2EE6 /* frog_ribbit.caf in Resources */ = {isa = PBXBuildFile; fileRef = 94D97DABA693A338ECA53390 /* frog_ribbit.caf */; };
		D817CD31036E73539B822806 /* Localizable.strings in Resources */ = {isa = PBXBuildFile; fileRef = AD8116237551BE69D5D912DF /* Localizable.strings */; };
		DC05314BEC28A75ED9DD8EC7 /* TouchAlertHeroView.swift in Sources */ = {isa = PBXBuildFile; fileRef = 54B7F7D89DEF3D8A52308019 /* TouchAlertHeroView.swift */; };
		E059F38EA96CF5EBD23C5DD0 /* cat_meow.caf in Resources */ = {isa = PBXBuildFile; fileRef = B65BA16DD4368B32B8468E5F /* cat_meow.caf */; };
		E1915D5B3A7348DD170D7A6A /* ClapFinderKitDesign in Frameworks */ = {isa = PBXBuildFile; productRef = 69C77123E4DF5BCFB53F973E /* ClapFinderKitDesign */; };
		FE6E08279EA95F3C7705A8FD /* ClapCalibrationSheet.swift in Sources */ = {isa = PBXBuildFile; fileRef = C8DE6D2C09E19FA0D4B1B681 /* ClapCalibrationSheet.swift */; };
/* End PBXBuildFile section */

/* Begin PBXContainerItemProxy section */
		6A3220719F55A1538A3B3F95 /* PBXContainerItemProxy */ = {
			isa = PBXContainerItemProxy;
			containerPortal = C82228A6B2E96A7A32C35985 /* Project object */;
			proxyType = 1;
			remoteGlobalIDString = 844543D87E2087626F8DA9C2;
			remoteInfo = ClapFinderWidgets;
		};
/* End PBXContainerItemProxy section */

/* Begin PBXCopyFilesBuildPhase section */
		E5D9A39B1D9369E7F9C19FE5 /* Embed Foundation Extensions */ = {
			isa = PBXCopyFilesBuildPhase;
			buildActionMask = 2147483647;
			dstPath = "";
			dstSubfolderSpec = 13;
			files = (
				83F8A9420968E5D18142D8D0 /* ClapFinderWidgets.appex in Embed Foundation Extensions */,
			);
			name = "Embed Foundation Extensions";
			runOnlyForDeploymentPostprocessing = 0;
		};
/* End PBXCopyFilesBuildPhase section */

/* Begin PBXFileReference section */
		034457FB4DC6EBE426A37265 /* foghorn.caf */ = {isa = PBXFileReference; path = foghorn.caf; sourceTree = "<group>"; };
		0B2C34E5A31DD26E6309CDA2 /* whistle.caf */ = {isa = PBXFileReference; path = whistle.caf; sourceTree = "<group>"; };
		0D1A24CAACB4FEEBDC1F2582 /* Localizable.strings */ = {isa = PBXFileReference; lastKnownFileType = text.plist.strings; path = Localizable.strings; sourceTree = "<group>"; };
		1C28A92E42035AFE64CFBED6 /* SplashView.swift */ = {isa = PBXFileReference; lastKnownFileType = sourcecode.swift; path = SplashView.swift; sourceTree = "<group>"; };
		2146BA0C723D11A0EFFAB38D /* ClapFinderWidgets.appex */ = {isa = PBXFileReference; includeInIndex = 0; lastKnownFileType = "wrapper.app-extension"; path = ClapFinderWidgets.appex; sourceTree = BUILT_PRODUCTS_DIR; };
		2ACD4ACC57959E4B128A4721 /* bell.caf */ = {isa = PBXFileReference; path = bell.caf; sourceTree = "<group>"; };
		2F99ABA31E0D3D13A37458C4 /* doorbell.caf */ = {isa = PBXFileReference; path = doorbell.caf; sourceTree = "<group>"; };
		314046E6E33DB47CD039CE26 /* cow_moo.caf */ = {isa = PBXFileReference; path = cow_moo.caf; sourceTree = "<group>"; };
		4641B24B3D6601188D02C221 /* air_horn.caf */ = {isa = PBXFileReference; path = air_horn.caf; sourceTree = "<group>"; };
		508FBC43B8DDEEAACD96A34B /* HomeView.swift */ = {isa = PBXFileReference; lastKnownFileType = sourcecode.swift; path = HomeView.swift; sourceTree = "<group>"; };
		5481D18B530933145E1D7F55 /* InterstitialController.swift */ = {isa = PBXFileReference; lastKnownFileType = sourcecode.swift; path = InterstitialController.swift; sourceTree = "<group>"; };
		54B7F7D89DEF3D8A52308019 /* TouchAlertHeroView.swift */ = {isa = PBXFileReference; lastKnownFileType = sourcecode.swift; path = TouchAlertHeroView.swift; sourceTree = "<group>"; };
		6044AF28719447AAE601B0B9 /* siren.caf */ = {isa = PBXFileReference; path = siren.caf; sourceTree = "<group>"; };
		694EDEE0F8F56E436B87B595 /* PulseRingsView.swift */ = {isa = PBXFileReference; lastKnownFileType = sourcecode.swift; path = PulseRingsView.swift; sourceTree = "<group>"; };
		69C7B5BA09DB0E06F71EDAAF /* ClapFinder.app */ = {isa = PBXFileReference; includeInIndex = 0; lastKnownFileType = wrapper.application; path = ClapFinder.app; sourceTree = BUILT_PRODUCTS_DIR; };
		6C711829C5CE93258C85D182 /* alarm_clock.caf */ = {isa = PBXFileReference; path = alarm_clock.caf; sourceTree = "<group>"; };
		710B7A576F28AD33F238327D /* OnboardingView.swift */ = {isa = PBXFileReference; lastKnownFileType = sourcecode.swift; path = OnboardingView.swift; sourceTree = "<group>"; };
		72196F65E09891DEC7526178 /* ClapFinderKit */ = {isa = PBXFileReference; lastKnownFileType = folder; name = ClapFinderKit; path = ClapFinderKit; sourceTree = SOURCE_ROOT; };
		88EF60ED1B99B45FB9597062 /* beep.caf */ = {isa = PBXFileReference; path = beep.caf; sourceTree = "<group>"; };
		8D28B7DB120999EAE3ABFF13 /* Assets.xcassets */ = {isa = PBXFileReference; lastKnownFileType = folder.assetcatalog; path = Assets.xcassets; sourceTree = "<group>"; };
		8D55CBE695533189A80B9256 /* SplashViewModel.swift */ = {isa = PBXFileReference; lastKnownFileType = sourcecode.swift; path = SplashViewModel.swift; sourceTree = "<group>"; };
		94D97DABA693A338ECA53390 /* frog_ribbit.caf */ = {isa = PBXFileReference; path = frog_ribbit.caf; sourceTree = "<group>"; };
		982F94330D8C525A1BE035DD /* dog_bark.caf */ = {isa = PBXFileReference; path = dog_bark.caf; sourceTree = "<group>"; };
		9E9911E009298BAA6F4004B6 /* TouchAlertLiveActivity.swift */ = {isa = PBXFileReference; lastKnownFileType = sourcecode.swift; path = TouchAlertLiveActivity.swift; sourceTree = "<group>"; };
		A38E87AFC4E016356FE91103 /* ListeningToggleView.swift */ = {isa = PBXFileReference; lastKnownFileType = sourcecode.swift; path = ListeningToggleView.swift; sourceTree = "<group>"; };
		A4223CAE7C416F483AF18D47 /* BannerAdView.swift */ = {isa = PBXFileReference; lastKnownFileType = sourcecode.swift; path = BannerAdView.swift; sourceTree = "<group>"; };
		A60915F6645978F90BBC7A74 /* AlarmOverlayView.swift */ = {isa = PBXFileReference; lastKnownFileType = sourcecode.swift; path = AlarmOverlayView.swift; sourceTree = "<group>"; };
		AAA233BA8A2AFDF484BA4533 /* AppOpenAdLoader.swift */ = {isa = PBXFileReference; lastKnownFileType = sourcecode.swift; path = AppOpenAdLoader.swift; sourceTree = "<group>"; };
		AD8116237551BE69D5D912DF /* Localizable.strings */ = {isa = PBXFileReference; lastKnownFileType = text.plist.strings; path = Localizable.strings; sourceTree = "<group>"; };
		B65BA16DD4368B32B8468E5F /* cat_meow.caf */ = {isa = PBXFileReference; path = cat_meow.caf; sourceTree = "<group>"; };
		BB4FED72CFFF9C058EC12CE3 /* ClapFinderApp.swift */ = {isa = PBXFileReference; lastKnownFileType = sourcecode.swift; path = ClapFinderApp.swift; sourceTree = "<group>"; };
		C1762A4281DB585C456AAB3D /* duck_quack.caf */ = {isa = PBXFileReference; path = duck_quack.caf; sourceTree = "<group>"; };
		C4FD638F38EA5721F09B12AA /* rooster_crow.caf */ = {isa = PBXFileReference; path = rooster_crow.caf; sourceTree = "<group>"; };
		C70903BE6739F797EA4B3EC1 /* SensitivityControlView.swift */ = {isa = PBXFileReference; lastKnownFileType = sourcecode.swift; path = SensitivityControlView.swift; sourceTree = "<group>"; };
		C8DE6D2C09E19FA0D4B1B681 /* ClapCalibrationSheet.swift */ = {isa = PBXFileReference; lastKnownFileType = sourcecode.swift; path = ClapCalibrationSheet.swift; sourceTree = "<group>"; };
		E0D88AE8FD753F2261A16E61 /* pig_oink.caf */ = {isa = PBXFileReference; path = pig_oink.caf; sourceTree = "<group>"; };
		E74184C03D15468A78881BFC /* ModeSwitcherView.swift */ = {isa = PBXFileReference; lastKnownFileType = sourcecode.swift; path = ModeSwitcherView.swift; sourceTree = "<group>"; };
		EB3BE45C0E37148764DFEEF2 /* ClapListeningLiveActivity.swift */ = {isa = PBXFileReference; lastKnownFileType = sourcecode.swift; path = ClapListeningLiveActivity.swift; sourceTree = "<group>"; };
		F4E74937BF9BD5B1450F6FD5 /* sheep_baa.caf */ = {isa = PBXFileReference; path = sheep_baa.caf; sourceTree = "<group>"; };
		F86F503BAEA217D482BE9627 /* ClapFinderWidgetsBundle.swift */ = {isa = PBXFileReference; lastKnownFileType = sourcecode.swift; path = ClapFinderWidgetsBundle.swift; sourceTree = "<group>"; };
		F945CB9ECDE4D0BE89551B78 /* AnimalCardView.swift */ = {isa = PBXFileReference; lastKnownFileType = sourcecode.swift; path = AnimalCardView.swift; sourceTree = "<group>"; };
/* End PBXFileReference section */

/* Begin PBXFrameworksBuildPhase section */
		30BD22A11B0396C52CBA3B73 /* Frameworks */ = {
			isa = PBXFrameworksBuildPhase;
			buildActionMask = 2147483647;
			files = (
				9465FE5CC21A0DDF1126B99A /* ClapFinderKitAds in Frameworks */,
				2EC4316D43D025650B6CDA6D /* ClapFinderKitAudio in Frameworks */,
				5190609869231098D142D8B7 /* ClapFinderKitData in Frameworks */,
				71F1DF94678D20AEE4AEFDED /* ClapFinderKitDesign in Frameworks */,
				6C47271544A5AA86604CB9E3 /* ClapFinderKitLocalization in Frameworks */,
				9B99D815E84E6D6CB2F9D23C /* ClapFinderKitMotion in Frameworks */,
				46DE2E1650F309DB30C7C0D4 /* ClapFinderKitActivity in Frameworks */,
				89336F8D4DCEBC858335A1DC /* GoogleMobileAds in Frameworks */,
			);
			runOnlyForDeploymentPostprocessing = 0;
		};
		8510B9488394CDED6FECBEED /* Frameworks */ = {
			isa = PBXFrameworksBuildPhase;
			buildActionMask = 2147483647;
			files = (
				C9E8DF59BF10D74CA8304CB7 /* ClapFinderKitActivity in Frameworks */,
				E1915D5B3A7348DD170D7A6A /* ClapFinderKitDesign in Frameworks */,
			);
			runOnlyForDeploymentPostprocessing = 0;
		};
/* End PBXFrameworksBuildPhase section */

/* Begin PBXGroup section */
		0449807F1CE1B1C72CF75E1F /* Packages */ = {
			isa = PBXGroup;
			children = (
				72196F65E09891DEC7526178 /* ClapFinderKit */,
			);
			name = Packages;
			sourceTree = "<group>";
		};
		116E434BF6CFDB6FEF4ACD38 /* Audio */ = {
			isa = PBXGroup;
			children = (
				4641B24B3D6601188D02C221 /* air_horn.caf */,
				6C711829C5CE93258C85D182 /* alarm_clock.caf */,
				88EF60ED1B99B45FB9597062 /* beep.caf */,
				2ACD4ACC57959E4B128A4721 /* bell.caf */,
				B65BA16DD4368B32B8468E5F /* cat_meow.caf */,
				314046E6E33DB47CD039CE26 /* cow_moo.caf */,
				982F94330D8C525A1BE035DD /* dog_bark.caf */,
				2F99ABA31E0D3D13A37458C4 /* doorbell.caf */,
				C1762A4281DB585C456AAB3D /* duck_quack.caf */,
				034457FB4DC6EBE426A37265 /* foghorn.caf */,
				94D97DABA693A338ECA53390 /* frog_ribbit.caf */,
				E0D88AE8FD753F2261A16E61 /* pig_oink.caf */,
				C4FD638F38EA5721F09B12AA /* rooster_crow.caf */,
				F4E74937BF9BD5B1450F6FD5 /* sheep_baa.caf */,
				6044AF28719447AAE601B0B9 /* siren.caf */,
				0B2C34E5A31DD26E6309CDA2 /* whistle.caf */,
			);
			path = Audio;
			sourceTree = "<group>";
		};
		228BF7C0BCFB12EA75EB49DB /* Views */ = {
			isa = PBXGroup;
			children = (
				A60915F6645978F90BBC7A74 /* AlarmOverlayView.swift */,
				F945CB9ECDE4D0BE89551B78 /* AnimalCardView.swift */,
				C8DE6D2C09E19FA0D4B1B681 /* ClapCalibrationSheet.swift */,
				508FBC43B8DDEEAACD96A34B /* HomeView.swift */,
				A38E87AFC4E016356FE91103 /* ListeningToggleView.swift */,
				E74184C03D15468A78881BFC /* ModeSwitcherView.swift */,
				710B7A576F28AD33F238327D /* OnboardingView.swift */,
				694EDEE0F8F56E436B87B595 /* PulseRingsView.swift */,
				C70903BE6739F797EA4B3EC1 /* SensitivityControlView.swift */,
				1C28A92E42035AFE64CFBED6 /* SplashView.swift */,
				8D55CBE695533189A80B9256 /* SplashViewModel.swift */,
				54B7F7D89DEF3D8A52308019 /* TouchAlertHeroView.swift */,
			);
			path = Views;
			sourceTree = "<group>";
		};
		25ED3F4CED92E1D96115D0EB /* ClapFinder */ = {
			isa = PBXGroup;
			children = (
				BB4FED72CFFF9C058EC12CE3 /* ClapFinderApp.swift */,
				A9F965084EF7694AC3879FE4 /* Ads */,
				A60224AFEFDF5C25F3E41BC9 /* Resources */,
				228BF7C0BCFB12EA75EB49DB /* Views */,
			);
			path = ClapFinder;
			sourceTree = "<group>";
		};
		A60224AFEFDF5C25F3E41BC9 /* Resources */ = {
			isa = PBXGroup;
			children = (
				8D28B7DB120999EAE3ABFF13 /* Assets.xcassets */,
				0D1A24CAACB4FEEBDC1F2582 /* Localizable.strings */,
				116E434BF6CFDB6FEF4ACD38 /* Audio */,
			);
			path = Resources;
			sourceTree = "<group>";
		};
		A9F965084EF7694AC3879FE4 /* Ads */ = {
			isa = PBXGroup;
			children = (
				AAA233BA8A2AFDF484BA4533 /* AppOpenAdLoader.swift */,
				A4223CAE7C416F483AF18D47 /* BannerAdView.swift */,
				5481D18B530933145E1D7F55 /* InterstitialController.swift */,
			);
			path = Ads;
			sourceTree = "<group>";
		};
		AF1E7ACD390651037EAAAD8D /* Products */ = {
			isa = PBXGroup;
			children = (
				69C7B5BA09DB0E06F71EDAAF /* ClapFinder.app */,
				2146BA0C723D11A0EFFAB38D /* ClapFinderWidgets.appex */,
			);
			name = Products;
			sourceTree = "<group>";
		};
		D1D516879FC26BEEED29D931 /* ClapFinderWidgets */ = {
			isa = PBXGroup;
			children = (
				F86F503BAEA217D482BE9627 /* ClapFinderWidgetsBundle.swift */,
				EB3BE45C0E37148764DFEEF2 /* ClapListeningLiveActivity.swift */,
				AD8116237551BE69D5D912DF /* Localizable.strings */,
				9E9911E009298BAA6F4004B6 /* TouchAlertLiveActivity.swift */,
			);
			path = ClapFinderWidgets;
			sourceTree = "<group>";
		};
		E5048515990190E5ED0DF2C4 = {
			isa = PBXGroup;
			children = (
				25ED3F4CED92E1D96115D0EB /* ClapFinder */,
				D1D516879FC26BEEED29D931 /* ClapFinderWidgets */,
				0449807F1CE1B1C72CF75E1F /* Packages */,
				AF1E7ACD390651037EAAAD8D /* Products */,
			);
			sourceTree = "<group>";
		};
/* End PBXGroup section */

/* Begin PBXNativeTarget section */
		70A65C144990E730E4458D4B /* ClapFinder */ = {
			isa = PBXNativeTarget;
			buildConfigurationList = F2B5199BD99E40D2D5657E7F /* Build configuration list for PBXNativeTarget "ClapFinder" */;
			buildPhases = (
				4556472A0E4A83C2CB10DF2D /* Sources */,
				C612F46FDED11B1E63A4094D /* Resources */,
				30BD22A11B0396C52CBA3B73 /* Frameworks */,
				E5D9A39B1D9369E7F9C19FE5 /* Embed Foundation Extensions */,
			);
			buildRules = (
			);
			dependencies = (
				412F6E22B483D7AF88650E13 /* PBXTargetDependency */,
			);
			name = ClapFinder;
			packageProductDependencies = (
				42963434D09D67693B1489D3 /* ClapFinderKitAds */,
				29009E77D63B9F74DA59AF8E /* ClapFinderKitAudio */,
				BDEA670469C2DA5619F97569 /* ClapFinderKitData */,
				5E9E3DE4EF5752F9AE65B6B8 /* ClapFinderKitDesign */,
				DE25CE73229C5787BECC0459 /* ClapFinderKitLocalization */,
				B6031855CF37D69C82E54CB8 /* ClapFinderKitMotion */,
				A34C84EBDD96B375E75B5DC2 /* ClapFinderKitActivity */,
				F1849F5440D9BD66E9E8C135 /* GoogleMobileAds */,
			);
			productName = ClapFinder;
			productReference = 69C7B5BA09DB0E06F71EDAAF /* ClapFinder.app */;
			productType = "com.apple.product-type.application";
		};
		844543D87E2087626F8DA9C2 /* ClapFinderWidgets */ = {
			isa = PBXNativeTarget;
			buildConfigurationList = 7DC39F895A18DEE98DEEE589 /* Build configuration list for PBXNativeTarget "ClapFinderWidgets" */;
			buildPhases = (
				64F954F0DC6A83432F3684E1 /* Sources */,
				1DCF39395DA3F5C667D8088C /* Resources */,
				8510B9488394CDED6FECBEED /* Frameworks */,
			);
			buildRules = (
			);
			dependencies = (
			);
			name = ClapFinderWidgets;
			packageProductDependencies = (
				E1674C54C715190CF85BF37C /* ClapFinderKitActivity */,
				69C77123E4DF5BCFB53F973E /* ClapFinderKitDesign */,
			);
			productName = ClapFinderWidgets;
			productReference = 2146BA0C723D11A0EFFAB38D /* ClapFinderWidgets.appex */;
			productType = "com.apple.product-type.app-extension";
		};
/* End PBXNativeTarget section */

/* Begin PBXProject section */
		C82228A6B2E96A7A32C35985 /* Project object */ = {
			isa = PBXProject;
			attributes = {
				BuildIndependentTargetsInParallel = YES;
				LastUpgradeCheck = 1430;
				TargetAttributes = {
					70A65C144990E730E4458D4B = {
						DevelopmentTeam = 59FH4WW82C;
						ProvisioningStyle = Automatic;
					};
					844543D87E2087626F8DA9C2 = {
						DevelopmentTeam = 59FH4WW82C;
						ProvisioningStyle = Automatic;
					};
				};
			};
			buildConfigurationList = BD7E480098911B5CC931D663 /* Build configuration list for PBXProject "ClapFinder" */;
			developmentRegion = en;
			hasScannedForEncodings = 0;
			knownRegions = (
				Base,
				en,
			);
			mainGroup = E5048515990190E5ED0DF2C4;
			minimizedProjectReferenceProxies = 1;
			packageReferences = (
				B3FCFBAE6A59235172041AF2 /* XCRemoteSwiftPackageReference "swift-package-manager-google-mobile-ads" */,
				C2A182EE10856E31D2218C79 /* XCLocalSwiftPackageReference "ClapFinderKit" */,
			);
			preferredProjectObjectVersion = 77;
			productRefGroup = AF1E7ACD390651037EAAAD8D /* Products */;
			projectDirPath = "";
			projectRoot = "";
			targets = (
				70A65C144990E730E4458D4B /* ClapFinder */,
				844543D87E2087626F8DA9C2 /* ClapFinderWidgets */,
			);
		};
/* End PBXProject section */

/* Begin PBXResourcesBuildPhase section */
		1DCF39395DA3F5C667D8088C /* Resources */ = {
			isa = PBXResourcesBuildPhase;
			buildActionMask = 2147483647;
			files = (
				D817CD31036E73539B822806 /* Localizable.strings in Resources */,
			);
			runOnlyForDeploymentPostprocessing = 0;
		};
		C612F46FDED11B1E63A4094D /* Resources */ = {
			isa = PBXResourcesBuildPhase;
			buildActionMask = 2147483647;
			files = (
				C11B2EB3034F179F44136C21 /* Assets.xcassets in Resources */,
				77BC3A85754C89212FC5268E /* Localizable.strings in Resources */,
				37B90DCA5C66492C8E8BA7B5 /* air_horn.caf in Resources */,
				8B35933FE55E81D92ADAC9A5 /* alarm_clock.caf in Resources */,
				4E4C72C87EE09655C14C9BD4 /* beep.caf in Resources */,
				882448679A5F04F22274DEA5 /* bell.caf in Resources */,
				E059F38EA96CF5EBD23C5DD0 /* cat_meow.caf in Resources */,
				1855A8AE8D565B818E2136BC /* cow_moo.caf in Resources */,
				9FB102267116B977253F26BB /* dog_bark.caf in Resources */,
				BB7B089073D09A4F8C81A381 /* doorbell.caf in Resources */,
				8CE113715A03CB9DDBF86F5D /* duck_quack.caf in Resources */,
				9C8FA463CD777411D1A687F5 /* foghorn.caf in Resources */,
				D123C8874ED735250D6B2EE6 /* frog_ribbit.caf in Resources */,
				6F7A947C328DD7EF1029F8C9 /* pig_oink.caf in Resources */,
				4E607E825860DC2D744F0B9F /* rooster_crow.caf in Resources */,
				34C59F813A02ECA904DACF70 /* sheep_baa.caf in Resources */,
				B223DCED093866E1FEEA19CE /* siren.caf in Resources */,
				80603027D4CF7CF5DDCE530F /* whistle.caf in Resources */,
			);
			runOnlyForDeploymentPostprocessing = 0;
		};
/* End PBXResourcesBuildPhase section */

/* Begin PBXSourcesBuildPhase section */
		4556472A0E4A83C2CB10DF2D /* Sources */ = {
			isa = PBXSourcesBuildPhase;
			buildActionMask = 2147483647;
			files = (
				30849F4A4945475017DCD8EC /* AlarmOverlayView.swift in Sources */,
				B7C948051589923453D5F5C3 /* AnimalCardView.swift in Sources */,
				D0FA1D01D0673BC484C8C77F /* AppOpenAdLoader.swift in Sources */,
				A216DCCEB4C70BCB3B24541E /* BannerAdView.swift in Sources */,
				FE6E08279EA95F3C7705A8FD /* ClapCalibrationSheet.swift in Sources */,
				A9C8752C3A1A34B99EAE723C /* ClapFinderApp.swift in Sources */,
				24A04DC9DD3E73446C8D79B3 /* HomeView.swift in Sources */,
				63464AEBC1F6E2715E0D3192 /* InterstitialController.swift in Sources */,
				7E5E032275F595B3E2734707 /* ListeningToggleView.swift in Sources */,
				55B2FBFE23C2FFA31CD6E766 /* ModeSwitcherView.swift in Sources */,
				9AC8E3ED520ECE33BA68EF57 /* OnboardingView.swift in Sources */,
				B8861F9B38A57272A4C9D7E8 /* PulseRingsView.swift in Sources */,
				807A89DBCD6FFF3720A41587 /* SensitivityControlView.swift in Sources */,
				39A26666D7FD1CF1736E0519 /* SplashView.swift in Sources */,
				15FC397D1862D0C424B671AA /* SplashViewModel.swift in Sources */,
				DC05314BEC28A75ED9DD8EC7 /* TouchAlertHeroView.swift in Sources */,
			);
			runOnlyForDeploymentPostprocessing = 0;
		};
		64F954F0DC6A83432F3684E1 /* Sources */ = {
			isa = PBXSourcesBuildPhase;
			buildActionMask = 2147483647;
			files = (
				6F0E6917F566DFF47C9E4603 /* ClapFinderWidgetsBundle.swift in Sources */,
				C91C0BFE6B4E6B4B84259ADC /* ClapListeningLiveActivity.swift in Sources */,
				7FE52FF73E2B71F85959495E /* TouchAlertLiveActivity.swift in Sources */,
			);
			runOnlyForDeploymentPostprocessing = 0;
		};
/* End PBXSourcesBuildPhase section */

/* Begin PBXTargetDependency section */
		412F6E22B483D7AF88650E13 /* PBXTargetDependency */ = {
			isa = PBXTargetDependency;
			target = 844543D87E2087626F8DA9C2 /* ClapFinderWidgets */;
			targetProxy = 6A3220719F55A1538A3B3F95 /* PBXContainerItemProxy */;
		};
/* End PBXTargetDependency section */

/* Begin XCBuildConfiguration section */
		08B0CCA7363475B5425A49C0 /* Debug */ = {
			isa = XCBuildConfiguration;
			buildSettings = {
				CODE_SIGN_STYLE = Automatic;
				DEVELOPMENT_TEAM = 59FH4WW82C;
				GENERATE_INFOPLIST_FILE = NO;
				INFOPLIST_FILE = ClapFinderWidgets/Info.plist;
				IPHONEOS_DEPLOYMENT_TARGET = 17.0;
				LD_RUNPATH_SEARCH_PATHS = "$(inherited) @executable_path/../../Frameworks";
				PRODUCT_BUNDLE_IDENTIFIER = com.appcentral.clapfinder.widgets;
				SDKROOT = iphoneos;
				SWIFT_STRICT_CONCURRENCY = complete;
				TARGETED_DEVICE_FAMILY = "1,2";
			};
			name = Debug;
		};
		2C77E65369150E7F33D06B52 /* Release */ = {
			isa = XCBuildConfiguration;
			buildSettings = {
				ALWAYS_SEARCH_USER_PATHS = NO;
				CLANG_ANALYZER_NONNULL = YES;
				CLANG_ANALYZER_NUMBER_OBJECT_CONVERSION = YES_AGGRESSIVE;
				CLANG_CXX_LANGUAGE_STANDARD = "gnu++14";
				CLANG_CXX_LIBRARY = "libc++";
				CLANG_ENABLE_MODULES = YES;
				CLANG_ENABLE_OBJC_ARC = YES;
				CLANG_ENABLE_OBJC_WEAK = YES;
				CLANG_WARN_BLOCK_CAPTURE_AUTORELEASING = YES;
				CLANG_WARN_BOOL_CONVERSION = YES;
				CLANG_WARN_COMMA = YES;
				CLANG_WARN_CONSTANT_CONVERSION = YES;
				CLANG_WARN_DEPRECATED_OBJC_IMPLEMENTATIONS = YES;
				CLANG_WARN_DIRECT_OBJC_ISA_USAGE = YES_ERROR;
				CLANG_WARN_DOCUMENTATION_COMMENTS = YES;
				CLANG_WARN_EMPTY_BODY = YES;
				CLANG_WARN_ENUM_CONVERSION = YES;
				CLANG_WARN_INFINITE_RECURSION = YES;
				CLANG_WARN_INT_CONVERSION = YES;
				CLANG_WARN_NON_LITERAL_NULL_CONVERSION = YES;
				CLANG_WARN_OBJC_IMPLICIT_RETAIN_SELF = YES;
				CLANG_WARN_OBJC_LITERAL_CONVERSION = YES;
				CLANG_WARN_OBJC_ROOT_CLASS = YES_ERROR;
				CLANG_WARN_QUOTED_INCLUDE_IN_FRAMEWORK_HEADER = YES;
				CLANG_WARN_RANGE_LOOP_ANALYSIS = YES;
				CLANG_WARN_STRICT_PROTOTYPES = YES;
				CLANG_WARN_SUSPICIOUS_MOVE = YES;
				CLANG_WARN_UNGUARDED_AVAILABILITY = YES_AGGRESSIVE;
				CLANG_WARN_UNREACHABLE_CODE = YES;
				CLANG_WARN__DUPLICATE_METHOD_MATCH = YES;
				COPY_PHASE_STRIP = NO;
				CURRENT_PROJECT_VERSION = 1;
				DEBUG_INFORMATION_FORMAT = "dwarf-with-dsym";
				ENABLE_NS_ASSERTIONS = NO;
				ENABLE_STRICT_OBJC_MSGSEND = YES;
				GCC_C_LANGUAGE_STANDARD = gnu11;
				GCC_NO_COMMON_BLOCKS = YES;
				GCC_WARN_64_TO_32_BIT_CONVERSION = YES;
				GCC_WARN_ABOUT_RETURN_TYPE = YES_ERROR;
				GCC_WARN_UNDECLARED_SELECTOR = YES;
				GCC_WARN_UNINITIALIZED_AUTOS = YES_AGGRESSIVE;
				GCC_WARN_UNUSED_FUNCTION = YES;
				GCC_WARN_UNUSED_VARIABLE = YES;
				IPHONEOS_DEPLOYMENT_TARGET = 17.0;
				MARKETING_VERSION = 1.0;
				MTL_ENABLE_DEBUG_INFO = NO;
				MTL_FAST_MATH = YES;
				PRODUCT_NAME = "$(TARGET_NAME)";
				SDKROOT = iphoneos;
				SWIFT_COMPILATION_MODE = wholemodule;
				SWIFT_OPTIMIZATION_LEVEL = "-O";
				SWIFT_VERSION = 6.0;
			};
			name = Release;
		};
		5444885D97E71361F612819E /* Debug */ = {
			isa = XCBuildConfiguration;
			buildSettings = {
				ASSETCATALOG_COMPILER_APPICON_NAME = AppIcon;
				CODE_SIGN_IDENTITY = "iPhone Developer";
				CODE_SIGN_STYLE = Automatic;
				DEVELOPMENT_TEAM = 59FH4WW82C;
				GENERATE_INFOPLIST_FILE = NO;
				INFOPLIST_FILE = ClapFinder/Info.plist;
				IPHONEOS_DEPLOYMENT_TARGET = 17.0;
				LD_RUNPATH_SEARCH_PATHS = (
					"$(inherited)",
					"@executable_path/Frameworks",
				);
				PRODUCT_BUNDLE_IDENTIFIER = com.appcentral.clapfinder;
				SDKROOT = iphoneos;
				SWIFT_STRICT_CONCURRENCY = complete;
				TARGETED_DEVICE_FAMILY = "1,2";
			};
			name = Debug;
		};
		5B0E448444F34CBE75CD9165 /* Release */ = {
			isa = XCBuildConfiguration;
			buildSettings = {
				ASSETCATALOG_COMPILER_APPICON_NAME = AppIcon;
				CODE_SIGN_IDENTITY = "iPhone Developer";
				CODE_SIGN_STYLE = Automatic;
				DEVELOPMENT_TEAM = 59FH4WW82C;
				GENERATE_INFOPLIST_FILE = NO;
				INFOPLIST_FILE = ClapFinder/Info.plist;
				IPHONEOS_DEPLOYMENT_TARGET = 17.0;
				LD_RUNPATH_SEARCH_PATHS = (
					"$(inherited)",
					"@executable_path/Frameworks",
				);
				PRODUCT_BUNDLE_IDENTIFIER = com.appcentral.clapfinder;
				SDKROOT = iphoneos;
				SWIFT_STRICT_CONCURRENCY = complete;
				TARGETED_DEVICE_FAMILY = "1,2";
			};
			name = Release;
		};
		81F47A79AB9EAA74C99DDBD3 /* Release */ = {
			isa = XCBuildConfiguration;
			buildSettings = {
				CODE_SIGN_STYLE = Automatic;
				DEVELOPMENT_TEAM = 59FH4WW82C;
				GENERATE_INFOPLIST_FILE = NO;
				INFOPLIST_FILE = ClapFinderWidgets/Info.plist;
				IPHONEOS_DEPLOYMENT_TARGET = 17.0;
				LD_RUNPATH_SEARCH_PATHS = "$(inherited) @executable_path/../../Frameworks";
				PRODUCT_BUNDLE_IDENTIFIER = com.appcentral.clapfinder.widgets;
				SDKROOT = iphoneos;
				SWIFT_STRICT_CONCURRENCY = complete;
				TARGETED_DEVICE_FAMILY = "1,2";
			};
			name = Release;
		};
		93D8F8C752D5712AECADB0DD /* Debug */ = {
			isa = XCBuildConfiguration;
			buildSettings = {
				ALWAYS_SEARCH_USER_PATHS = NO;
				CLANG_ANALYZER_NONNULL = YES;
				CLANG_ANALYZER_NUMBER_OBJECT_CONVERSION = YES_AGGRESSIVE;
				CLANG_CXX_LANGUAGE_STANDARD = "gnu++14";
				CLANG_CXX_LIBRARY = "libc++";
				CLANG_ENABLE_MODULES = YES;
				CLANG_ENABLE_OBJC_ARC = YES;
				CLANG_ENABLE_OBJC_WEAK = YES;
				CLANG_WARN_BLOCK_CAPTURE_AUTORELEASING = YES;
				CLANG_WARN_BOOL_CONVERSION = YES;
				CLANG_WARN_COMMA = YES;
				CLANG_WARN_CONSTANT_CONVERSION = YES;
				CLANG_WARN_DEPRECATED_OBJC_IMPLEMENTATIONS = YES;
				CLANG_WARN_DIRECT_OBJC_ISA_USAGE = YES_ERROR;
				CLANG_WARN_DOCUMENTATION_COMMENTS = YES;
				CLANG_WARN_EMPTY_BODY = YES;
				CLANG_WARN_ENUM_CONVERSION = YES;
				CLANG_WARN_INFINITE_RECURSION = YES;
				CLANG_WARN_INT_CONVERSION = YES;
				CLANG_WARN_NON_LITERAL_NULL_CONVERSION = YES;
				CLANG_WARN_OBJC_IMPLICIT_RETAIN_SELF = YES;
				CLANG_WARN_OBJC_LITERAL_CONVERSION = YES;
				CLANG_WARN_OBJC_ROOT_CLASS = YES_ERROR;
				CLANG_WARN_QUOTED_INCLUDE_IN_FRAMEWORK_HEADER = YES;
				CLANG_WARN_RANGE_LOOP_ANALYSIS = YES;
				CLANG_WARN_STRICT_PROTOTYPES = YES;
				CLANG_WARN_SUSPICIOUS_MOVE = YES;
				CLANG_WARN_UNGUARDED_AVAILABILITY = YES_AGGRESSIVE;
				CLANG_WARN_UNREACHABLE_CODE = YES;
				CLANG_WARN__DUPLICATE_METHOD_MATCH = YES;
				COPY_PHASE_STRIP = NO;
				CURRENT_PROJECT_VERSION = 1;
				DEBUG_INFORMATION_FORMAT = dwarf;
				ENABLE_STRICT_OBJC_MSGSEND = YES;
				ENABLE_TESTABILITY = YES;
				GCC_C_LANGUAGE_STANDARD = gnu11;
				GCC_DYNAMIC_NO_PIC = NO;
				GCC_NO_COMMON_BLOCKS = YES;
				GCC_OPTIMIZATION_LEVEL = 0;
				GCC_PREPROCESSOR_DEFINITIONS = (
					"$(inherited)",
					"DEBUG=1",
				);
				GCC_WARN_64_TO_32_BIT_CONVERSION = YES;
				GCC_WARN_ABOUT_RETURN_TYPE = YES_ERROR;
				GCC_WARN_UNDECLARED_SELECTOR = YES;
				GCC_WARN_UNINITIALIZED_AUTOS = YES_AGGRESSIVE;
				GCC_WARN_UNUSED_FUNCTION = YES;
				GCC_WARN_UNUSED_VARIABLE = YES;
				IPHONEOS_DEPLOYMENT_TARGET = 17.0;
				MARKETING_VERSION = 1.0;
				MTL_ENABLE_DEBUG_INFO = INCLUDE_SOURCE;
				MTL_FAST_MATH = YES;
				ONLY_ACTIVE_ARCH = YES;
				PRODUCT_NAME = "$(TARGET_NAME)";
				SDKROOT = iphoneos;
				SWIFT_ACTIVE_COMPILATION_CONDITIONS = DEBUG;
				SWIFT_OPTIMIZATION_LEVEL = "-Onone";
				SWIFT_VERSION = 6.0;
			};
			name = Debug;
		};
/* End XCBuildConfiguration section */

/* Begin XCConfigurationList section */
		7DC39F895A18DEE98DEEE589 /* Build configuration list for PBXNativeTarget "ClapFinderWidgets" */ = {
			isa = XCConfigurationList;
			buildConfigurations = (
				08B0CCA7363475B5425A49C0 /* Debug */,
				81F47A79AB9EAA74C99DDBD3 /* Release */,
			);
			defaultConfigurationIsVisible = 0;
			defaultConfigurationName = Debug;
		};
		BD7E480098911B5CC931D663 /* Build configuration list for PBXProject "ClapFinder" */ = {
			isa = XCConfigurationList;
			buildConfigurations = (
				93D8F8C752D5712AECADB0DD /* Debug */,
				2C77E65369150E7F33D06B52 /* Release */,
			);
			defaultConfigurationIsVisible = 0;
			defaultConfigurationName = Debug;
		};
		F2B5199BD99E40D2D5657E7F /* Build configuration list for PBXNativeTarget "ClapFinder" */ = {
			isa = XCConfigurationList;
			buildConfigurations = (
				5444885D97E71361F612819E /* Debug */,
				5B0E448444F34CBE75CD9165 /* Release */,
			);
			defaultConfigurationIsVisible = 0;
			defaultConfigurationName = Debug;
		};
/* End XCConfigurationList section */

/* Begin XCLocalSwiftPackageReference section */
		C2A182EE10856E31D2218C79 /* XCLocalSwiftPackageReference "ClapFinderKit" */ = {
			isa = XCLocalSwiftPackageReference;
			relativePath = ClapFinderKit;
		};
/* End XCLocalSwiftPackageReference section */

/* Begin XCRemoteSwiftPackageReference section */
		B3FCFBAE6A59235172041AF2 /* XCRemoteSwiftPackageReference "swift-package-manager-google-mobile-ads" */ = {
			isa = XCRemoteSwiftPackageReference;
			repositoryURL = "https://github.com/googleads/swift-package-manager-google-mobile-ads";
			requirement = {
				kind = upToNextMajorVersion;
				minimumVersion = 12.0.0;
			};
		};
/* End XCRemoteSwiftPackageReference section */

/* Begin XCSwiftPackageProductDependency section */
		29009E77D63B9F74DA59AF8E /* ClapFinderKitAudio */ = {
			isa = XCSwiftPackageProductDependency;
			productName = ClapFinderKitAudio;
		};
		42963434D09D67693B1489D3 /* ClapFinderKitAds */ = {
			isa = XCSwiftPackageProductDependency;
			productName = ClapFinderKitAds;
		};
		5E9E3DE4EF5752F9AE65B6B8 /* ClapFinderKitDesign */ = {
			isa = XCSwiftPackageProductDependency;
			productName = ClapFinderKitDesign;
		};
		69C77123E4DF5BCFB53F973E /* ClapFinderKitDesign */ = {
			isa = XCSwiftPackageProductDependency;
			productName = ClapFinderKitDesign;
		};
		A34C84EBDD96B375E75B5DC2 /* ClapFinderKitActivity */ = {
			isa = XCSwiftPackageProductDependency;
			productName = ClapFinderKitActivity;
		};
		B6031855CF37D69C82E54CB8 /* ClapFinderKitMotion */ = {
			isa = XCSwiftPackageProductDependency;
			productName = ClapFinderKitMotion;
		};
		BDEA670469C2DA5619F97569 /* ClapFinderKitData */ = {
			isa = XCSwiftPackageProductDependency;
			productName = ClapFinderKitData;
		};
		DE25CE73229C5787BECC0459 /* ClapFinderKitLocalization */ = {
			isa = XCSwiftPackageProductDependency;
			productName = ClapFinderKitLocalization;
		};
		E1674C54C715190CF85BF37C /* ClapFinderKitActivity */ = {
			isa = XCSwiftPackageProductDependency;
			productName = ClapFinderKitActivity;
		};
		F1849F5440D9BD66E9E8C135 /* GoogleMobileAds */ = {
			isa = XCSwiftPackageProductDependency;
			package = B3FCFBAE6A59235172041AF2 /* XCRemoteSwiftPackageReference "swift-package-manager-google-mobile-ads" */;
			productName = GoogleMobileAds;
		};
/* End XCSwiftPackageProductDependency section */
	};
	rootObject = C82228A6B2E96A7A32C35985 /* Project object */;
}
